
Microsoft Visual Studio Solution File, Format Version 12.00
# Visual Studio 15
VisualStudioVersion = 15.0.27428.2037
MinimumVisualStudioVersion = 10.0.40219.1
Project("{FAE04EC0-301F-11D3-BF4B-00C04F79EFBC}") = "INCAL_android3", "INCAL_android3\INCAL_android3.csproj", "{AE0AA6CD-F040-45B1-BA8D-B2D7EB151978}"
EndProject
Project("{2150E333-8FDC-42A3-9474-1A3956D46DE8}") = "Solution Items", "Solution Items", "{5D73826B-AA3E-4CCA-9014-7B022447C0CA}"
EndProject
Global
	GlobalSection(SolutionConfigurationPlatforms) = preSolution
		Debug|Any CPU = Debug|Any CPU
		Release|Any CPU = Release|Any CPU
	EndGlobalSection
	GlobalSection(ProjectConfigurationPlatforms) = postSolution
		{AE0AA6CD-F040-45B1-BA8D-B2D7EB151978}.Debug|Any CPU.ActiveCfg = Debug|Any CPU
		{AE0AA6CD-F040-45B1-BA8D-B2D7EB151978}.Debug|Any CPU.Build.0 = Debug|Any CPU
		{AE0AA6CD-F040-45B1-BA8D-B2D7EB151978}.Debug|Any CPU.Deploy.0 = Debug|Any CPU
		{AE0AA6CD-F040-45B1-BA8D-B2D7EB151978}.Release|Any CPU.ActiveCfg = Release|Any CPU
		{AE0AA6CD-F040-45B1-BA8D-B2D7EB151978}.Release|Any CPU.Build.0 = Release|Any CPU
		{AE0AA6CD-F040-45B1-BA8D-B2D7EB151978}.Release|Any CPU.Deploy.0 = Release|Any CPU
	EndGlobalSection
	GlobalSection(SolutionProperties) = preSolution
		HideSolutionNode = FALSE
	EndGlobalSection
	GlobalSection(ExtensibilityGlobals) = postSolution
		SolutionGuid = {EE6947B5-F9BB-4237-8352-69D3AB07C48C}
	EndGlobalSection
EndGlobal
