
Microsoft Visual Studio Solution File, Format Version 12.00
# Visual Studio 15
VisualStudioVersion = 15.0.27703.2000
MinimumVisualStudioVersion = 10.0.40219.1
Project("{FAE04EC0-301F-11D3-BF4B-00C04F79EFBC}") = "testweb2", "testweb2\testweb2.csproj", "{021738E6-AA64-4744-8B86-3B354B535EBA}"
EndProject
Global
	GlobalSection(SolutionConfigurationPlatforms) = preSolution
		Debug|Any CPU = Debug|Any CPU
		Release|Any CPU = Release|Any CPU
	EndGlobalSection
	GlobalSection(ProjectConfigurationPlatforms) = postSolution
		{021738E6-AA64-4744-8B86-3B354B535EBA}.Debug|Any CPU.ActiveCfg = Debug|Any CPU
		{021738E6-AA64-4744-8B86-3B354B535EBA}.Debug|Any CPU.Build.0 = Debug|Any CPU
		{021738E6-AA64-4744-8B86-3B354B535EBA}.Release|Any CPU.ActiveCfg = Release|Any CPU
		{021738E6-AA64-4744-8B86-3B354B535EBA}.Release|Any CPU.Build.0 = Release|Any CPU
	EndGlobalSection
	GlobalSection(SolutionProperties) = preSolution
		HideSolutionNode = FALSE
	EndGlobalSection
	GlobalSection(ExtensibilityGlobals) = postSolution
		SolutionGuid = {E21F5F69-F973-4800-8C51-9460F7EFEE4B}
	EndGlobalSection
EndGlobal
